
Microsoft Visual Studio Solution File, Format Version 12.00
# Visual Studio Version 16
VisualStudioVersion = 16.0.31402.337
MinimumVisualStudioVersion = 10.0.40219.1
Project("{8BC9CEB8-8B4A-11D0-8D11-00A0C91BC942}") = "RubiksCube", "RubiksCube\RubiksCube.vcxproj", "{4A430107-66C1-45C3-AC16-4D00A65C1EB6}"
EndProject
Global
	GlobalSection(SolutionConfigurationPlatforms) = preSolution
		Debug|x64 = Debug|x64
		Debug|x86 = Debug|x86
		Release|x64 = Release|x64
		Release|x86 = Release|x86
	EndGlobalSection
	GlobalSection(ProjectConfigurationPlatforms) = postSolution
		{4A430107-66C1-45C3-AC16-4D00A65C1EB6}.Debug|x64.ActiveCfg = Debug|x64
		{4A430107-66C1-45C3-AC16-4D00A65C1EB6}.Debug|x64.Build.0 = Debug|x64
		{4A430107-66C1-45C3-AC16-4D00A65C1EB6}.Debug|x86.ActiveCfg = Debug|Win32
		{4A430107-66C1-45C3-AC16-4D00A65C1EB6}.Debug|x86.Build.0 = Debug|Win32
		{4A430107-66C1-45C3-AC16-4D00A65C1EB6}.Release|x64.ActiveCfg = Release|x64
		{4A430107-66C1-45C3-AC16-4D00A65C1EB6}.Release|x64.Build.0 = Release|x64
		{4A430107-66C1-45C3-AC16-4D00A65C1EB6}.Release|x86.ActiveCfg = Release|Win32
		{4A430107-66C1-45C3-AC16-4D00A65C1EB6}.Release|x86.Build.0 = Release|Win32
	EndGlobalSection
	GlobalSection(SolutionProperties) = preSolution
		HideSolutionNode = FALSE
	EndGlobalSection
	GlobalSection(ExtensibilityGlobals) = postSolution
		SolutionGuid = {14E5A5EB-06CA-4FFE-A11C-B47E19DD7891}
	EndGlobalSection
EndGlobal
